
Microsoft Visual Studio Solution File, Format Version 12.00
# Visual Studio Version 17
VisualStudioVersion = 17.0.31903.59
MinimumVisualStudioVersion = 10.0.40219.1
Project("{2150E333-8FDC-42A3-9474-1A3956D46DE8}") = "Api", "Api", "{D82C56D6-B2CD-F611-9E31-04638F7EC30E}"
EndProject
Project("{FAE04EC0-301F-11D3-BF4B-00C04F79EFBC}") = "UrlShortener.Api", "Api\src\UrlShortener.Api\UrlShortener.Api.csproj", "{8BA89C24-ED23-4CAD-8DCA-B00522983CAE}"
EndProject
Project("{2150E333-8FDC-42A3-9474-1A3956D46DE8}") = "src", "src", "{3BEA6661-A2CF-4D68-85A6-65190235E96F}"
EndProject
Project("{2150E333-8FDC-42A3-9474-1A3956D46DE8}") = "tests", "tests", "{FBDEC3CA-B02F-4A1B-A683-19AD773EB2FE}"
EndProject
Project("{FAE04EC0-301F-11D3-BF4B-00C04F79EFBC}") = "UrlShortener.Api.Core.Tests", "Api\tests\UrlShortener.Api.Core.Tests\UrlShortener.Api.Core.Tests.csproj", "{B6CCCEE3-B65C-4AC3-9F6F-2E23DF21D36E}"
EndProject
Project("{FAE04EC0-301F-11D3-BF4B-00C04F79EFBC}") = "UrlShortener.Core", "Api\src\UrlShortener.Core\UrlShortener.Core.csproj", "{7BB85B82-5124-40D3-9D91-DFAD0A1DF87E}"
EndProject
Global
	GlobalSection(SolutionConfigurationPlatforms) = preSolution
		Debug|Any CPU = Debug|Any CPU
		Debug|x64 = Debug|x64
		Debug|x86 = Debug|x86
		Release|Any CPU = Release|Any CPU
		Release|x64 = Release|x64
		Release|x86 = Release|x86
	EndGlobalSection
	GlobalSection(ProjectConfigurationPlatforms) = postSolution
		{8BA89C24-ED23-4CAD-8DCA-B00522983CAE}.Debug|Any CPU.ActiveCfg = Debug|Any CPU
		{8BA89C24-ED23-4CAD-8DCA-B00522983CAE}.Debug|Any CPU.Build.0 = Debug|Any CPU
		{8BA89C24-ED23-4CAD-8DCA-B00522983CAE}.Debug|x64.ActiveCfg = Debug|Any CPU
		{8BA89C24-ED23-4CAD-8DCA-B00522983CAE}.Debug|x64.Build.0 = Debug|Any CPU
		{8BA89C24-ED23-4CAD-8DCA-B00522983CAE}.Debug|x86.ActiveCfg = Debug|Any CPU
		{8BA89C24-ED23-4CAD-8DCA-B00522983CAE}.Debug|x86.Build.0 = Debug|Any CPU
		{8BA89C24-ED23-4CAD-8DCA-B00522983CAE}.Release|Any CPU.ActiveCfg = Release|Any CPU
		{8BA89C24-ED23-4CAD-8DCA-B00522983CAE}.Release|Any CPU.Build.0 = Release|Any CPU
		{8BA89C24-ED23-4CAD-8DCA-B00522983CAE}.Release|x64.ActiveCfg = Release|Any CPU
		{8BA89C24-ED23-4CAD-8DCA-B00522983CAE}.Release|x64.Build.0 = Release|Any CPU
		{8BA89C24-ED23-4CAD-8DCA-B00522983CAE}.Release|x86.ActiveCfg = Release|Any CPU
		{8BA89C24-ED23-4CAD-8DCA-B00522983CAE}.Release|x86.Build.0 = Release|Any CPU
		{B6CCCEE3-B65C-4AC3-9F6F-2E23DF21D36E}.Debug|Any CPU.ActiveCfg = Debug|Any CPU
		{B6CCCEE3-B65C-4AC3-9F6F-2E23DF21D36E}.Debug|Any CPU.Build.0 = Debug|Any CPU
		{B6CCCEE3-B65C-4AC3-9F6F-2E23DF21D36E}.Debug|x64.ActiveCfg = Debug|Any CPU
		{B6CCCEE3-B65C-4AC3-9F6F-2E23DF21D36E}.Debug|x64.Build.0 = Debug|Any CPU
		{B6CCCEE3-B65C-4AC3-9F6F-2E23DF21D36E}.Debug|x86.ActiveCfg = Debug|Any CPU
		{B6CCCEE3-B65C-4AC3-9F6F-2E23DF21D36E}.Debug|x86.Build.0 = Debug|Any CPU
		{B6CCCEE3-B65C-4AC3-9F6F-2E23DF21D36E}.Release|Any CPU.ActiveCfg = Release|Any CPU
		{B6CCCEE3-B65C-4AC3-9F6F-2E23DF21D36E}.Release|Any CPU.Build.0 = Release|Any CPU
		{B6CCCEE3-B65C-4AC3-9F6F-2E23DF21D36E}.Release|x64.ActiveCfg = Release|Any CPU
		{B6CCCEE3-B65C-4AC3-9F6F-2E23DF21D36E}.Release|x64.Build.0 = Release|Any CPU
		{B6CCCEE3-B65C-4AC3-9F6F-2E23DF21D36E}.Release|x86.ActiveCfg = Release|Any CPU
		{B6CCCEE3-B65C-4AC3-9F6F-2E23DF21D36E}.Release|x86.Build.0 = Release|Any CPU
		{7BB85B82-5124-40D3-9D91-DFAD0A1DF87E}.Debug|Any CPU.ActiveCfg = Debug|Any CPU
		{7BB85B82-5124-40D3-9D91-DFAD0A1DF87E}.Debug|Any CPU.Build.0 = Debug|Any CPU
		{7BB85B82-5124-40D3-9D91-DFAD0A1DF87E}.Debug|x64.ActiveCfg = Debug|Any CPU
		{7BB85B82-5124-40D3-9D91-DFAD0A1DF87E}.Debug|x64.Build.0 = Debug|Any CPU
		{7BB85B82-5124-40D3-9D91-DFAD0A1DF87E}.Debug|x86.ActiveCfg = Debug|Any CPU
		{7BB85B82-5124-40D3-9D91-DFAD0A1DF87E}.Debug|x86.Build.0 = Debug|Any CPU
		{7BB85B82-5124-40D3-9D91-DFAD0A1DF87E}.Release|Any CPU.ActiveCfg = Release|Any CPU
		{7BB85B82-5124-40D3-9D91-DFAD0A1DF87E}.Release|Any CPU.Build.0 = Release|Any CPU
		{7BB85B82-5124-40D3-9D91-DFAD0A1DF87E}.Release|x64.ActiveCfg = Release|Any CPU
		{7BB85B82-5124-40D3-9D91-DFAD0A1DF87E}.Release|x64.Build.0 = Release|Any CPU
		{7BB85B82-5124-40D3-9D91-DFAD0A1DF87E}.Release|x86.ActiveCfg = Release|Any CPU
		{7BB85B82-5124-40D3-9D91-DFAD0A1DF87E}.Release|x86.Build.0 = Release|Any CPU
	EndGlobalSection
	GlobalSection(SolutionProperties) = preSolution
		HideSolutionNode = FALSE
	EndGlobalSection
	GlobalSection(NestedProjects) = preSolution
		{3BEA6661-A2CF-4D68-85A6-65190235E96F} = {D82C56D6-B2CD-F611-9E31-04638F7EC30E}
		{8BA89C24-ED23-4CAD-8DCA-B00522983CAE} = {3BEA6661-A2CF-4D68-85A6-65190235E96F}
		{FBDEC3CA-B02F-4A1B-A683-19AD773EB2FE} = {D82C56D6-B2CD-F611-9E31-04638F7EC30E}
		{B6CCCEE3-B65C-4AC3-9F6F-2E23DF21D36E} = {FBDEC3CA-B02F-4A1B-A683-19AD773EB2FE}
		{7BB85B82-5124-40D3-9D91-DFAD0A1DF87E} = {3BEA6661-A2CF-4D68-85A6-65190235E96F}
	EndGlobalSection
EndGlobal
