
Microsoft Visual Studio Solution File, Format Version 12.00
# Visual Studio Version 17
VisualStudioVersion = 17.0.31903.59
MinimumVisualStudioVersion = 10.0.40219.1
Project("{2150E333-8FDC-42A3-9474-1A3956D46DE8}") = "Api", "Api", "{D82C56D6-B2CD-F611-9E31-04638F7EC30E}"
EndProject
Project("{FAE04EC0-301F-11D3-BF4B-00C04F79EFBC}") = "UrlShortener.Api", "Api\src\UrlShortener.Api\UrlShortener.Api.csproj", "{8BA89C24-ED23-4CAD-8DCA-B00522983CAE}"
EndProject
Project("{2150E333-8FDC-42A3-9474-1A3956D46DE8}") = "src", "src", "{3BEA6661-A2CF-4D68-85A6-65190235E96F}"
	ProjectSection(SolutionItems) = preProject
		Api\src\testlist.txt = Api\src\testlist.txt
	EndProjectSection
EndProject
Project("{2150E333-8FDC-42A3-9474-1A3956D46DE8}") = "tests", "tests", "{FBDEC3CA-B02F-4A1B-A683-19AD773EB2FE}"
EndProject
Project("{FAE04EC0-301F-11D3-BF4B-00C04F79EFBC}") = "UrlShortener.Api.Core.Tests", "Api\tests\UrlShortener.Api.Core.Tests\UrlShortener.Api.Core.Tests.csproj", "{B6CCCEE3-B65C-4AC3-9F6F-2E23DF21D36E}"
EndProject
Project("{FAE04EC0-301F-11D3-BF4B-00C04F79EFBC}") = "UrlShortener.Core", "Api\src\UrlShortener.Core\UrlShortener.Core.csproj", "{7BB85B82-5124-40D3-9D91-DFAD0A1DF87E}"
EndProject
Project("{FAE04EC0-301F-11D3-BF4B-00C04F79EFBC}") = "UrlShortener.Tests", "Api\tests\UrlShortener.Tests\UrlShortener.Tests.csproj", "{1FEE675B-B5B9-496E-97B6-CCB673BFCE24}"
EndProject
Project("{FAE04EC0-301F-11D3-BF4B-00C04F79EFBC}") = "UrlShortener.Infrastructure", "Api\src\UrlShortener.Infrastructure\UrlShortener.Infrastructure.csproj", "{97CC2486-D7F2-412A-8635-00D32FB3CFF6}"
EndProject
Project("{2150E333-8FDC-42A3-9474-1A3956D46DE8}") = "TokenRanges", "TokenRanges", "{A31E2A3B-E002-449E-0383-74489413EA38}"
EndProject
Project("{2150E333-8FDC-42A3-9474-1A3956D46DE8}") = "src", "src", "{4CC750C7-133F-60E6-6C75-A236473B5796}"
EndProject
Project("{FAE04EC0-301F-11D3-BF4B-00C04F79EFBC}") = "UrlShortener.TokenRangesService", "TokenRanges\src\UrlShortener.TokenRangesService\UrlShortener.TokenRangesService.csproj", "{C8EC735C-675E-4035-98D9-82BEF2E88FF9}"
EndProject
Project("{2150E333-8FDC-42A3-9474-1A3956D46DE8}") = "tests", "tests", "{8C70599F-7DA0-4D1C-9BC7-AD4B35BB0FD4}"
	ProjectSection(SolutionItems) = preProject
		TokenRanges\tests\Table.sql = TokenRanges\tests\Table.sql
	EndProjectSection
EndProject
Project("{FAE04EC0-301F-11D3-BF4B-00C04F79EFBC}") = "UrlShortener.TokenRangesService.Tests", "TokenRanges\tests\UrlShortener.TokenRangesService.Tests\UrlShortener.TokenRangesService.Tests.csproj", "{9DB6A2C9-39B7-4C14-B6C1-530160AD9086}"
EndProject
Global
	GlobalSection(SolutionConfigurationPlatforms) = preSolution
		Debug|Any CPU = Debug|Any CPU
		Debug|x64 = Debug|x64
		Debug|x86 = Debug|x86
		Release|Any CPU = Release|Any CPU
		Release|x64 = Release|x64
		Release|x86 = Release|x86
	EndGlobalSection
	GlobalSection(ProjectConfigurationPlatforms) = postSolution
		{8BA89C24-ED23-4CAD-8DCA-B00522983CAE}.Debug|Any CPU.ActiveCfg = Debug|Any CPU
		{8BA89C24-ED23-4CAD-8DCA-B00522983CAE}.Debug|Any CPU.Build.0 = Debug|Any CPU
		{8BA89C24-ED23-4CAD-8DCA-B00522983CAE}.Debug|x64.ActiveCfg = Debug|Any CPU
		{8BA89C24-ED23-4CAD-8DCA-B00522983CAE}.Debug|x64.Build.0 = Debug|Any CPU
		{8BA89C24-ED23-4CAD-8DCA-B00522983CAE}.Debug|x86.ActiveCfg = Debug|Any CPU
		{8BA89C24-ED23-4CAD-8DCA-B00522983CAE}.Debug|x86.Build.0 = Debug|Any CPU
		{8BA89C24-ED23-4CAD-8DCA-B00522983CAE}.Release|Any CPU.ActiveCfg = Release|Any CPU
		{8BA89C24-ED23-4CAD-8DCA-B00522983CAE}.Release|Any CPU.Build.0 = Release|Any CPU
		{8BA89C24-ED23-4CAD-8DCA-B00522983CAE}.Release|x64.ActiveCfg = Release|Any CPU
		{8BA89C24-ED23-4CAD-8DCA-B00522983CAE}.Release|x64.Build.0 = Release|Any CPU
		{8BA89C24-ED23-4CAD-8DCA-B00522983CAE}.Release|x86.ActiveCfg = Release|Any CPU
		{8BA89C24-ED23-4CAD-8DCA-B00522983CAE}.Release|x86.Build.0 = Release|Any CPU
		{B6CCCEE3-B65C-4AC3-9F6F-2E23DF21D36E}.Debug|Any CPU.ActiveCfg = Debug|Any CPU
		{B6CCCEE3-B65C-4AC3-9F6F-2E23DF21D36E}.Debug|Any CPU.Build.0 = Debug|Any CPU
		{B6CCCEE3-B65C-4AC3-9F6F-2E23DF21D36E}.Debug|x64.ActiveCfg = Debug|Any CPU
		{B6CCCEE3-B65C-4AC3-9F6F-2E23DF21D36E}.Debug|x64.Build.0 = Debug|Any CPU
		{B6CCCEE3-B65C-4AC3-9F6F-2E23DF21D36E}.Debug|x86.ActiveCfg = Debug|Any CPU
		{B6CCCEE3-B65C-4AC3-9F6F-2E23DF21D36E}.Debug|x86.Build.0 = Debug|Any CPU
		{B6CCCEE3-B65C-4AC3-9F6F-2E23DF21D36E}.Release|Any CPU.ActiveCfg = Release|Any CPU
		{B6CCCEE3-B65C-4AC3-9F6F-2E23DF21D36E}.Release|Any CPU.Build.0 = Release|Any CPU
		{B6CCCEE3-B65C-4AC3-9F6F-2E23DF21D36E}.Release|x64.ActiveCfg = Release|Any CPU
		{B6CCCEE3-B65C-4AC3-9F6F-2E23DF21D36E}.Release|x64.Build.0 = Release|Any CPU
		{B6CCCEE3-B65C-4AC3-9F6F-2E23DF21D36E}.Release|x86.ActiveCfg = Release|Any CPU
		{B6CCCEE3-B65C-4AC3-9F6F-2E23DF21D36E}.Release|x86.Build.0 = Release|Any CPU
		{7BB85B82-5124-40D3-9D91-DFAD0A1DF87E}.Debug|Any CPU.ActiveCfg = Debug|Any CPU
		{7BB85B82-5124-40D3-9D91-DFAD0A1DF87E}.Debug|Any CPU.Build.0 = Debug|Any CPU
		{7BB85B82-5124-40D3-9D91-DFAD0A1DF87E}.Debug|x64.ActiveCfg = Debug|Any CPU
		{7BB85B82-5124-40D3-9D91-DFAD0A1DF87E}.Debug|x64.Build.0 = Debug|Any CPU
		{7BB85B82-5124-40D3-9D91-DFAD0A1DF87E}.Debug|x86.ActiveCfg = Debug|Any CPU
		{7BB85B82-5124-40D3-9D91-DFAD0A1DF87E}.Debug|x86.Build.0 = Debug|Any CPU
		{7BB85B82-5124-40D3-9D91-DFAD0A1DF87E}.Release|Any CPU.ActiveCfg = Release|Any CPU
		{7BB85B82-5124-40D3-9D91-DFAD0A1DF87E}.Release|Any CPU.Build.0 = Release|Any CPU
		{7BB85B82-5124-40D3-9D91-DFAD0A1DF87E}.Release|x64.ActiveCfg = Release|Any CPU
		{7BB85B82-5124-40D3-9D91-DFAD0A1DF87E}.Release|x64.Build.0 = Release|Any CPU
		{7BB85B82-5124-40D3-9D91-DFAD0A1DF87E}.Release|x86.ActiveCfg = Release|Any CPU
		{7BB85B82-5124-40D3-9D91-DFAD0A1DF87E}.Release|x86.Build.0 = Release|Any CPU
		{1FEE675B-B5B9-496E-97B6-CCB673BFCE24}.Debug|Any CPU.ActiveCfg = Debug|Any CPU
		{1FEE675B-B5B9-496E-97B6-CCB673BFCE24}.Debug|Any CPU.Build.0 = Debug|Any CPU
		{1FEE675B-B5B9-496E-97B6-CCB673BFCE24}.Debug|x64.ActiveCfg = Debug|Any CPU
		{1FEE675B-B5B9-496E-97B6-CCB673BFCE24}.Debug|x64.Build.0 = Debug|Any CPU
		{1FEE675B-B5B9-496E-97B6-CCB673BFCE24}.Debug|x86.ActiveCfg = Debug|Any CPU
		{1FEE675B-B5B9-496E-97B6-CCB673BFCE24}.Debug|x86.Build.0 = Debug|Any CPU
		{1FEE675B-B5B9-496E-97B6-CCB673BFCE24}.Release|Any CPU.ActiveCfg = Release|Any CPU
		{1FEE675B-B5B9-496E-97B6-CCB673BFCE24}.Release|Any CPU.Build.0 = Release|Any CPU
		{1FEE675B-B5B9-496E-97B6-CCB673BFCE24}.Release|x64.ActiveCfg = Release|Any CPU
		{1FEE675B-B5B9-496E-97B6-CCB673BFCE24}.Release|x64.Build.0 = Release|Any CPU
		{1FEE675B-B5B9-496E-97B6-CCB673BFCE24}.Release|x86.ActiveCfg = Release|Any CPU
		{1FEE675B-B5B9-496E-97B6-CCB673BFCE24}.Release|x86.Build.0 = Release|Any CPU
		{97CC2486-D7F2-412A-8635-00D32FB3CFF6}.Debug|Any CPU.ActiveCfg = Debug|Any CPU
		{97CC2486-D7F2-412A-8635-00D32FB3CFF6}.Debug|Any CPU.Build.0 = Debug|Any CPU
		{97CC2486-D7F2-412A-8635-00D32FB3CFF6}.Debug|x64.ActiveCfg = Debug|Any CPU
		{97CC2486-D7F2-412A-8635-00D32FB3CFF6}.Debug|x64.Build.0 = Debug|Any CPU
		{97CC2486-D7F2-412A-8635-00D32FB3CFF6}.Debug|x86.ActiveCfg = Debug|Any CPU
		{97CC2486-D7F2-412A-8635-00D32FB3CFF6}.Debug|x86.Build.0 = Debug|Any CPU
		{97CC2486-D7F2-412A-8635-00D32FB3CFF6}.Release|Any CPU.ActiveCfg = Release|Any CPU
		{97CC2486-D7F2-412A-8635-00D32FB3CFF6}.Release|Any CPU.Build.0 = Release|Any CPU
		{97CC2486-D7F2-412A-8635-00D32FB3CFF6}.Release|x64.ActiveCfg = Release|Any CPU
		{97CC2486-D7F2-412A-8635-00D32FB3CFF6}.Release|x64.Build.0 = Release|Any CPU
		{97CC2486-D7F2-412A-8635-00D32FB3CFF6}.Release|x86.ActiveCfg = Release|Any CPU
		{97CC2486-D7F2-412A-8635-00D32FB3CFF6}.Release|x86.Build.0 = Release|Any CPU
		{C8EC735C-675E-4035-98D9-82BEF2E88FF9}.Debug|Any CPU.ActiveCfg = Debug|Any CPU
		{C8EC735C-675E-4035-98D9-82BEF2E88FF9}.Debug|Any CPU.Build.0 = Debug|Any CPU
		{C8EC735C-675E-4035-98D9-82BEF2E88FF9}.Debug|x64.ActiveCfg = Debug|Any CPU
		{C8EC735C-675E-4035-98D9-82BEF2E88FF9}.Debug|x64.Build.0 = Debug|Any CPU
		{C8EC735C-675E-4035-98D9-82BEF2E88FF9}.Debug|x86.ActiveCfg = Debug|Any CPU
		{C8EC735C-675E-4035-98D9-82BEF2E88FF9}.Debug|x86.Build.0 = Debug|Any CPU
		{C8EC735C-675E-4035-98D9-82BEF2E88FF9}.Release|Any CPU.ActiveCfg = Release|Any CPU
		{C8EC735C-675E-4035-98D9-82BEF2E88FF9}.Release|Any CPU.Build.0 = Release|Any CPU
		{C8EC735C-675E-4035-98D9-82BEF2E88FF9}.Release|x64.ActiveCfg = Release|Any CPU
		{C8EC735C-675E-4035-98D9-82BEF2E88FF9}.Release|x64.Build.0 = Release|Any CPU
		{C8EC735C-675E-4035-98D9-82BEF2E88FF9}.Release|x86.ActiveCfg = Release|Any CPU
		{C8EC735C-675E-4035-98D9-82BEF2E88FF9}.Release|x86.Build.0 = Release|Any CPU
		{9DB6A2C9-39B7-4C14-B6C1-530160AD9086}.Debug|Any CPU.ActiveCfg = Debug|Any CPU
		{9DB6A2C9-39B7-4C14-B6C1-530160AD9086}.Debug|Any CPU.Build.0 = Debug|Any CPU
		{9DB6A2C9-39B7-4C14-B6C1-530160AD9086}.Debug|x64.ActiveCfg = Debug|Any CPU
		{9DB6A2C9-39B7-4C14-B6C1-530160AD9086}.Debug|x64.Build.0 = Debug|Any CPU
		{9DB6A2C9-39B7-4C14-B6C1-530160AD9086}.Debug|x86.ActiveCfg = Debug|Any CPU
		{9DB6A2C9-39B7-4C14-B6C1-530160AD9086}.Debug|x86.Build.0 = Debug|Any CPU
		{9DB6A2C9-39B7-4C14-B6C1-530160AD9086}.Release|Any CPU.ActiveCfg = Release|Any CPU
		{9DB6A2C9-39B7-4C14-B6C1-530160AD9086}.Release|Any CPU.Build.0 = Release|Any CPU
		{9DB6A2C9-39B7-4C14-B6C1-530160AD9086}.Release|x64.ActiveCfg = Release|Any CPU
		{9DB6A2C9-39B7-4C14-B6C1-530160AD9086}.Release|x64.Build.0 = Release|Any CPU
		{9DB6A2C9-39B7-4C14-B6C1-530160AD9086}.Release|x86.ActiveCfg = Release|Any CPU
		{9DB6A2C9-39B7-4C14-B6C1-530160AD9086}.Release|x86.Build.0 = Release|Any CPU
	EndGlobalSection
	GlobalSection(SolutionProperties) = preSolution
		HideSolutionNode = FALSE
	EndGlobalSection
	GlobalSection(NestedProjects) = preSolution
		{8BA89C24-ED23-4CAD-8DCA-B00522983CAE} = {3BEA6661-A2CF-4D68-85A6-65190235E96F}
		{3BEA6661-A2CF-4D68-85A6-65190235E96F} = {D82C56D6-B2CD-F611-9E31-04638F7EC30E}
		{FBDEC3CA-B02F-4A1B-A683-19AD773EB2FE} = {D82C56D6-B2CD-F611-9E31-04638F7EC30E}
		{B6CCCEE3-B65C-4AC3-9F6F-2E23DF21D36E} = {FBDEC3CA-B02F-4A1B-A683-19AD773EB2FE}
		{7BB85B82-5124-40D3-9D91-DFAD0A1DF87E} = {3BEA6661-A2CF-4D68-85A6-65190235E96F}
		{1FEE675B-B5B9-496E-97B6-CCB673BFCE24} = {FBDEC3CA-B02F-4A1B-A683-19AD773EB2FE}
		{97CC2486-D7F2-412A-8635-00D32FB3CFF6} = {3BEA6661-A2CF-4D68-85A6-65190235E96F}
		{4CC750C7-133F-60E6-6C75-A236473B5796} = {A31E2A3B-E002-449E-0383-74489413EA38}
		{C8EC735C-675E-4035-98D9-82BEF2E88FF9} = {4CC750C7-133F-60E6-6C75-A236473B5796}
		{8C70599F-7DA0-4D1C-9BC7-AD4B35BB0FD4} = {A31E2A3B-E002-449E-0383-74489413EA38}
		{9DB6A2C9-39B7-4C14-B6C1-530160AD9086} = {8C70599F-7DA0-4D1C-9BC7-AD4B35BB0FD4}
	EndGlobalSection
EndGlobal
